# This file is generated by running "yarn install" inside your project.
# Manual changes might be lost - proceed with caution!

__metadata:
  version: 4
  cacheKey: 6

"@babel/runtime@npm:^7.1.2":
  version: 7.11.2
  resolution: "@babel/runtime@npm:7.11.2"
  dependencies:
    regenerator-runtime: ^0.13.4
  checksum: 2f127ad60a0f0568faa0044e5b48329d8166c7fd3a0a3ce774070010a1c441ebf5570f526dd6bb26e214fb1a01bb987ab6a4c3f60a00f04d02448939f4c61e1e
  languageName: node
  linkType: hard

"@types/node@npm:8.10.19":
  version: 8.10.19
  resolution: "@types/node@npm:8.10.19"
  checksum: c96b1597e3f1ad8b9a2fbef33faf0c9495345c20e7979598fb55ce1b9615ac2573ef6b9dc4cad087b9eeaeabed3ea5d14e16935e685bf6b3c6fdba2210241a07
  languageName: node
  linkType: hard

"@types/prop-types@npm:*, @types/prop-types@npm:15.5.3":
  version: 15.5.3
  resolution: "@types/prop-types@npm:15.5.3"
  checksum: 342929d2ee4b194ef8aa9cf8d4390e19eead54d9af98435e89f51d1c93eef889be5234c56555d07142147c74108263eeb7107271db999bf5a8b16dac3a61eefa
  languageName: node
  linkType: hard

"@types/react@npm:16.8.8":
  version: 16.8.8
  resolution: "@types/react@npm:16.8.8"
  dependencies:
    "@types/prop-types": "*"
    csstype: ^2.2.0
  checksum: e60f20253751df55886ac666680558c175a1f2d2e04fce4decde746d96b27f8c3684440b2070043f3c85a6e114929161e368545ec96a0317a26160c05e6b2672
  languageName: node
  linkType: hard

"buffer-from@npm:^1.0.0":
  version: 1.1.1
  resolution: "buffer-from@npm:1.1.1"
  checksum: 540ceb79c4f5bfcadaabbc18324fa84c50dc52905084be7c03596a339cf5a88513bee6831ce9b36ddd046fab09257a7c80686e129d0559a0cfd141da196ad956
  languageName: node
  linkType: hard

"css-in-js-utils@npm:^2.0.0":
  version: 2.0.1
  resolution: "css-in-js-utils@npm:2.0.1"
  dependencies:
    hyphenate-style-name: ^1.0.2
    isobject: ^3.0.1
  checksum: 85ea5c716f3a9f95148cbf4a9cabe46fb08c6c034b015f9e3c6b7abadb384b5833ab348697f2327ce4c3181c951d7a339c118f05e9e3ba8b680f84857c039c6d
  languageName: node
  linkType: hard

"css-tree@npm:^1.0.0-alpha.39":
  version: 1.0.0-alpha9
  resolution: "css-tree@npm:1.0.0-alpha9"
  dependencies:
    source-map: ^0.5.3
  checksum: f390cf4bcff70ae53ae81711efe566155b637d7f482705ce33c5d5bf2ded24cf9ef5764a0deb1226eb80feada3817e48edc393fdd3e10265e7a24f2e23fbe052
  languageName: node
  linkType: hard

"csstype@npm:^2.2.0":
  version: 2.6.13
  resolution: "csstype@npm:2.6.13"
  checksum: 0a84ef4b068e464039ee4cc79e621a38b4b8b5c683fd12d42dbb810e6457ac454c3c7e578e4d327f958fc563fc03aec0e74b57180abd5804d6e2590ae3cf7086
  languageName: node
  linkType: hard

"csstype@npm:^3.0.3":
  version: 3.0.3
  resolution: "csstype@npm:3.0.3"
  checksum: ec722366b468229bcc6c7fa3f07eb795efddfc4fdcfeb81728046f8bd20e21584735e89973ec18e8b0d4d3c8dddb288872440ee034836c159d664798da4cf832
  languageName: node
  linkType: hard

"error-stack-parser@npm:^2.0.6":
  version: 2.0.6
  resolution: "error-stack-parser@npm:2.0.6"
  dependencies:
    stackframe: ^1.1.1
  checksum: 7abf762c20054310d33f0c0a34a2ea38f93a1b0169f5289feb96cf94d7b30d277a0df09567469be79ccfcfa49df37cddc8c59e0bc5b682a1e7e3c234e67b25c8
  languageName: node
  linkType: hard

"fastest-stable-stringify@npm:^2.0.2":
  version: 2.0.2
  resolution: "fastest-stable-stringify@npm:2.0.2"
  checksum: 41bd4f7a045e57111455c1367d014a93ab789528339a42c0662e1668767256f81b1c0898821fa4f80261ef371dd02c378f92e0ae1ecad6a9069292ff4294544a
  languageName: node
  linkType: hard

"hyphenate-style-name@npm:^1.0.2":
  version: 1.0.4
  resolution: "hyphenate-style-name@npm:1.0.4"
  checksum: 4cfeb47e98eab9c25e6dece20da772cc914a9f8e5ee794cf8db105b0649dd64a61d8ee8ff32acf23ae0ac181db8fcbe4a6abb2f7de48ae52b42a85bbf1aacb86
  languageName: node
  linkType: hard

"inline-style-prefixer@npm:^6.0.0":
  version: 6.0.0
  resolution: "inline-style-prefixer@npm:6.0.0"
  dependencies:
    css-in-js-utils: ^2.0.0
  checksum: c7067ab95748b51d83004bdbb08964130893341e1026d42f7e519a0ca50c005e755887179bd7010bf0e57ac167c11c91be4b6984a4ba44e41e78125a72f58a58
  languageName: node
  linkType: hard

"isobject@npm:^3.0.1":
  version: 3.0.1
  resolution: "isobject@npm:3.0.1"
  checksum: b537a9ccdd8d40ec552fe7ff5db3731f1deb77581adf9beb8ae812f8d08acfa0e74b193159ac50fb01084d7ade06d114077f984e21b8340531241bf85be9a0ab
  languageName: node
  linkType: hard

"js-tokens@npm:^3.0.0 || ^4.0.0":
  version: 4.0.0
  resolution: "js-tokens@npm:4.0.0"
  checksum: 1fc4e4667ac2d972aba65148b9cbf9c17566b2394d3504238d8492bbd3e68f496c657eab06b26b40b17db5cac0a34d153a12130e2d2d2bb6dc2cdc8a4764eb1b
  languageName: node
  linkType: hard

"loose-envify@npm:^1.1.0, loose-envify@npm:^1.4.0":
  version: 1.4.0
  resolution: "loose-envify@npm:1.4.0"
  dependencies:
    js-tokens: ^3.0.0 || ^4.0.0
  bin:
    loose-envify: cli.js
  checksum: 5c3b47bbe5f597a3889fb001a3a98aaea2a3fafa48089c19034de1e0121bf57dbee609d184478514d74d5c5a7e9cfa3d846343455e5123b060040d46c39e91dc
  languageName: node
  linkType: hard

"nano-css@workspace:.":
  version: 0.0.0-use.local
  resolution: "nano-css@workspace:."
  dependencies:
    "@types/node": 8.10.19
    "@types/prop-types": 15.5.3
    "@types/react": 16.8.8
    css-tree: ^1.0.0-alpha.39
    csstype: ^3.0.3
    fastest-stable-stringify: ^2.0.2
    inline-style-prefixer: ^6.0.0
    prettier: ^2.1.2
    prop-types: ^15.7.2
    react: ^16.13.1
    react-dom: ^16.13.1
    react-test-renderer: ^16.13.1
    rtl-css-js: ^1.14.0
    source-map-support: ^0.5.19
    sourcemap-codec: ^1.4.8
    stacktrace-js: ^2.0.2
    stylis: ^4.0.3
    tslib: ^2.0.1
    typescript: ^4.0.3
  peerDependencies:
    react: "*"
    react-dom: "*"
  languageName: unknown
  linkType: soft

"object-assign@npm:^4.1.1":
  version: 4.1.1
  resolution: "object-assign@npm:4.1.1"
  checksum: 66cf021898fc1b13ea573ea8635fbd5a76533f50cecbc2fcd5eee1e8029af41bcebe7023788b6d0e06cbe4401ecea075d972f78ec74467cdc571a0f1a4d1a081
  languageName: node
  linkType: hard

"prettier@npm:^2.1.2":
  version: 2.1.2
  resolution: "prettier@npm:2.1.2"
  bin:
    prettier: bin-prettier.js
  checksum: bedc24c568efbcfe45f255558900777e2fabb36bf28ed4c22d2456eb22dfb012d12e566a46472ea5b857a4e9f263e888f7e316527d00bb58188f1820b0b0031a
  languageName: node
  linkType: hard

"prop-types@npm:^15.6.2, prop-types@npm:^15.7.2":
  version: 15.7.2
  resolution: "prop-types@npm:15.7.2"
  dependencies:
    loose-envify: ^1.4.0
    object-assign: ^4.1.1
    react-is: ^16.8.1
  checksum: a440dd406c5cf53bf39f3e898d2c65178511d34ca3c8c789b30c177992408b9e4273969726b274719aa69ccce5ab34b2fd8caa60b90f23cd2e910cdcf682de52
  languageName: node
  linkType: hard

"react-dom@npm:^16.13.1":
  version: 16.13.1
  resolution: "react-dom@npm:16.13.1"
  dependencies:
    loose-envify: ^1.1.0
    object-assign: ^4.1.1
    prop-types: ^15.6.2
    scheduler: ^0.19.1
  peerDependencies:
    react: ^16.13.1
  checksum: fb5c3ad41360c6a8674f33916aa895d05e79d063d31a6963074220c1cda9e07e880799d01670b4ebd570b4d3457584f13cc898b5033a05641e8e801f5611607e
  languageName: node
  linkType: hard

"react-is@npm:^16.8.1, react-is@npm:^16.8.6":
  version: 16.13.1
  resolution: "react-is@npm:16.13.1"
  checksum: 11bcf1267a314a522615f626f3ce3727a3a24cdbf61c4d452add3550a7875326669631326cfb1ba3e92b6f72244c32ffecf93ad21c0cad8455d3e169d0e3f060
  languageName: node
  linkType: hard

"react-test-renderer@npm:^16.13.1":
  version: 16.13.1
  resolution: "react-test-renderer@npm:16.13.1"
  dependencies:
    object-assign: ^4.1.1
    prop-types: ^15.6.2
    react-is: ^16.8.6
    scheduler: ^0.19.1
  peerDependencies:
    react: ^16.13.1
  checksum: e9c3c068d09a4252103eed270635d05897e23cbb86c6f0f74beced9345ed1b94a0fff44f16f97526e6f7a8337669156616e1e02eacb6d7b8f40295c92d91be12
  languageName: node
  linkType: hard

"react@npm:^16.13.1":
  version: 16.13.1
  resolution: "react@npm:16.13.1"
  dependencies:
    loose-envify: ^1.1.0
    object-assign: ^4.1.1
    prop-types: ^15.6.2
  checksum: 13dcc9ba8a7521ecc3d7e69998dbc5703ae9515308d06a94a474ad34b42f1fc109372265e924a8c9b11d20fa1828407c290b8f61617c36734c4ca907ae7e5f45
  languageName: node
  linkType: hard

"regenerator-runtime@npm:^0.13.4":
  version: 0.13.7
  resolution: "regenerator-runtime@npm:0.13.7"
  checksum: 6ef567c662088b1b292214920cbd72443059298d477f72e1a37e0a113bafbfac9057cbfe35ae617284effc4b423493326a78561bbff7b04162c7949bdb9624e8
  languageName: node
  linkType: hard

"rtl-css-js@npm:^1.14.0":
  version: 1.14.0
  resolution: "rtl-css-js@npm:1.14.0"
  dependencies:
    "@babel/runtime": ^7.1.2
  checksum: cedcc6142c98e6d4d05383e0f96d5724d42c79e355e6beea45c1c66d1e8b96aace4cba21c550f6bbb92dc1f340b2694cb9b70e66a15d22f5b7c7b904b8208f19
  languageName: node
  linkType: hard

"scheduler@npm:^0.19.1":
  version: 0.19.1
  resolution: "scheduler@npm:0.19.1"
  dependencies:
    loose-envify: ^1.1.0
    object-assign: ^4.1.1
  checksum: 804f990b9f370cca6d42b65f3cba2cc2bfed4973ee5623bed1ea36a6627842db8c891e2e5ac003f06f9ee892d1d3396921e27fa077346caf0213af05776e8dee
  languageName: node
  linkType: hard

"source-map-support@npm:^0.5.19":
  version: 0.5.19
  resolution: "source-map-support@npm:0.5.19"
  dependencies:
    buffer-from: ^1.0.0
    source-map: ^0.6.0
  checksum: 59d4efaae97755155b078413ecba63517e3ef054cc7ab767bbd30e6f3054be2ae8e8f5cce7eef53b7eb93e98fe27a58dd8f5e7abfb13144ba420ddaf5267bbb2
  languageName: node
  linkType: hard

"source-map@npm:0.5.6":
  version: 0.5.6
  resolution: "source-map@npm:0.5.6"
  checksum: 288edf6dcb7148554ca4b4a989322051c6536724af890f1d4a30009155acaede29d1c14c6c58a53c23d04d80b455b032eda5c83704de0aef9a21cfe429ad8fe2
  languageName: node
  linkType: hard

"source-map@npm:^0.5.3":
  version: 0.5.7
  resolution: "source-map@npm:0.5.7"
  checksum: 737face96577a2184a42f141607fcc2c9db5620cb8517ae8ab3924476defa138fc26b0bab31e98cbd6f19211ecbf78400b59f801ff7a0f87aa9faa79f7433e10
  languageName: node
  linkType: hard

"source-map@npm:^0.6.0":
  version: 0.6.1
  resolution: "source-map@npm:0.6.1"
  checksum: 8647829a0611724114022be455ca1c8a2c8ae61df81c5b3667d9b398207226a1e21174fb7bbf0b4dbeb27ac358222afb5a14f1c74a62a62b8883b012e5eb1270
  languageName: node
  linkType: hard

"sourcemap-codec@npm:^1.4.8":
  version: 1.4.8
  resolution: "sourcemap-codec@npm:1.4.8"
  checksum: 4d56d1232a45af813606d1755f11e7ae6b3542c615a7e3f904382f0134a9412ba8d090e83749254d78449eafdfcc62d5158b8f35e6241480b51b74b5c46b99f9
  languageName: node
  linkType: hard

"stack-generator@npm:^2.0.5":
  version: 2.0.5
  resolution: "stack-generator@npm:2.0.5"
  dependencies:
    stackframe: ^1.1.1
  checksum: 3755840159707d4e3126b707d16cd0e9c847b7cf617d10db19bca1d7d6b0ae63eb52b3abdf730858b412b22dd238715d924b1219af8c92dc82584ca10bb71e1c
  languageName: node
  linkType: hard

"stackframe@npm:^1.1.1":
  version: 1.2.0
  resolution: "stackframe@npm:1.2.0"
  checksum: 71e2868a529123e9ca1cf510192a7de879b8d92b5829c7f58d5576e1500cbedf22b5d9cc86589c547b6842abcf01cea13979ab8301b51e85bdb6267a6f9288f2
  languageName: node
  linkType: hard

"stacktrace-gps@npm:^3.0.4":
  version: 3.0.4
  resolution: "stacktrace-gps@npm:3.0.4"
  dependencies:
    source-map: 0.5.6
    stackframe: ^1.1.1
  checksum: 18896e8b12d049b3d883334bb553d56ae7b38ac4f53cddf5637f8c6842c21a2c53d194ea9778eadd2034ca4029a28dff8cb2da22cc52a8bebe019a1576bac307
  languageName: node
  linkType: hard

"stacktrace-js@npm:^2.0.2":
  version: 2.0.2
  resolution: "stacktrace-js@npm:2.0.2"
  dependencies:
    error-stack-parser: ^2.0.6
    stack-generator: ^2.0.5
    stacktrace-gps: ^3.0.4
  checksum: 0b7280113ca0a59aa1137b576dd66dad90a378e07982ba75627d4e86c7424b0ea8b4af269f5d3de7923be938b463f8f430de2b2e5b283ec6cf9c9f7757aba724
  languageName: node
  linkType: hard

"stylis@npm:^4.0.3":
  version: 4.0.3
  resolution: "stylis@npm:4.0.3"
  checksum: 0ca0313ad6b1273866e476d2f1c7e41789e54eb9b33e5c4d1d017a9db5bf58d6e862a5c12f5f949ece95f4530e87ddc3697f8afbffe09f17eb0e272160664aa7
  languageName: node
  linkType: hard

"tslib@npm:^2.0.1":
  version: 2.0.1
  resolution: "tslib@npm:2.0.1"
  checksum: 7b42337a07f536c9650c72471cdf51317f07eb981692e91b8979fee3f6e20136a8f047e6ecdc5f2f3201132a6cc4e0096fa3c58655eba3803bf7fe739ccd088e
  languageName: node
  linkType: hard

typescript@^4.0.3:
  version: 4.0.3
  resolution: "typescript@npm:4.0.3"
  bin:
    tsc: bin/tsc
    tsserver: bin/tsserver
  checksum: 5c892e132756a83d22030d7fb38be47cde27613f71d233dbe7faf79e4a92852c5146bfddcaf8c2da1a37d35ae8bf7b8c888fdcd763d5ad184cea6b21e7466838
  languageName: node
  linkType: hard

"typescript@patch:typescript@^4.0.3#builtin<compat/typescript>":
  version: 4.0.3
  resolution: "typescript@patch:typescript@npm%3A4.0.3#builtin<compat/typescript>::version=4.0.3&hash=5b02a2"
  bin:
    tsc: bin/tsc
    tsserver: bin/tsserver
  checksum: 72db87d09f728c83062d64b5e12ed52effb6278963b6bc5c006219b22c104e02b8ce80164261de554923d3c47d894a1ca937ed542328caccb83ebaedeae98a69
  languageName: node
  linkType: hard
